
Microsoft Visual Studio Solution File, Format Version 12.00
# Visual Studio Version 16
VisualStudioVersion = 16.0.32002.261
MinimumVisualStudioVersion = 10.0.40219.1
Project("{FAE04EC0-301F-11D3-BF4B-00C04F79EFBC}") = "C SHARP APP1", "C SHARP APP1\C SHARP APP1.csproj", "{FCEAACA8-7076-4BD8-9B75-8D6980128E42}"
EndProject
Global
	GlobalSection(SolutionConfigurationPlatforms) = preSolution
		Debug|Any CPU = Debug|Any CPU
		Release|Any CPU = Release|Any CPU
	EndGlobalSection
	GlobalSection(ProjectConfigurationPlatforms) = postSolution
		{FCEAACA8-7076-4BD8-9B75-8D6980128E42}.Debug|Any CPU.ActiveCfg = Debug|Any CPU
		{FCEAACA8-7076-4BD8-9B75-8D6980128E42}.Debug|Any CPU.Build.0 = Debug|Any CPU
		{FCEAACA8-7076-4BD8-9B75-8D6980128E42}.Release|Any CPU.ActiveCfg = Release|Any CPU
		{FCEAACA8-7076-4BD8-9B75-8D6980128E42}.Release|Any CPU.Build.0 = Release|Any CPU
	EndGlobalSection
	GlobalSection(SolutionProperties) = preSolution
		HideSolutionNode = FALSE
	EndGlobalSection
	GlobalSection(ExtensibilityGlobals) = postSolution
		SolutionGuid = {6A9C0F82-5857-4B97-9D31-5A57AA1E519C}
	EndGlobalSection
EndGlobal
